
Microsoft Visual Studio Solution File, Format Version 12.00
# Visual Studio Version 17
VisualStudioVersion = 17.8.34525.116
MinimumVisualStudioVersion = 10.0.40219.1
Project("{9A19103F-16F7-4668-BE54-9A1E7A4F7556}") = "clickerBlum", "clickerBlum\clickerBlum.csproj", "{7DE157CD-9857-4788-BED6-570CD875E3DD}"
EndProject
Global
	GlobalSection(SolutionConfigurationPlatforms) = preSolution
		Debug|Any CPU = Debug|Any CPU
		Release|Any CPU = Release|Any CPU
	EndGlobalSection
	GlobalSection(ProjectConfigurationPlatforms) = postSolution
		{7DE157CD-9857-4788-BED6-570CD875E3DD}.Debug|Any CPU.ActiveCfg = Debug|Any CPU
		{7DE157CD-9857-4788-BED6-570CD875E3DD}.Debug|Any CPU.Build.0 = Debug|Any CPU
		{7DE157CD-9857-4788-BED6-570CD875E3DD}.Release|Any CPU.ActiveCfg = Release|Any CPU
		{7DE157CD-9857-4788-BED6-570CD875E3DD}.Release|Any CPU.Build.0 = Release|Any CPU
	EndGlobalSection
	GlobalSection(SolutionProperties) = preSolution
		HideSolutionNode = FALSE
	EndGlobalSection
	GlobalSection(ExtensibilityGlobals) = postSolution
		SolutionGuid = {956AB533-29E4-4193-9106-8AC8553AF503}
	EndGlobalSection
EndGlobal
